Microsoft Visual Studio Solution File, Format Version 12.00
# Visual Studio Version 17
VisualStudioVersion = 17.12.35707.178
MinimumVisualStudioVersion = 10.0.40219.1

# BuildingBlocks Folder
Project("{2150E333-8FDC-42A3-9474-1A3956D46DE8}") = "BuildingBlocks", "BuildingBlocks", "{EB9338EB-7589-467A-BEE7-771648EEE112}"
EndProject
Project("{FAE04EC0-301F-11D3-BF4B-00C04F79EFBC}") = "BuildingBlock", "BuildingBlock\BuildingBlock.csproj", "{A3D86B35-D732-41C1-8219-4DE3A8D35696}"
EndProject

# Services Folder
Project("{2150E333-8FDC-42A3-9474-1A3956D46DE8}") = "Services", "Services", "{9BF8FE4A-9430-4DF1-B6F6-1D70D4C34EB2}"
EndProject

# Users Service
Project("{2150E333-8FDC-42A3-9474-1A3956D46DE8}") = "Users", "Users", "{42B9EA7E-4EDA-4854-B16A-D9AF821FBCC9}"
EndProject
Project("{FAE04EC0-301F-11D3-BF4B-00C04F79EFBC}") = "Users.API", "Users.API\Users.API.csproj", "{1193DF68-0300-4675-9A72-FB9137CE047C}"
EndProject
Project("{FAE04EC0-301F-11D3-BF4B-00C04F79EFBC}") = "Users.Application", "Users.Application\Users.Application.csproj", "{16E73EA7-9B39-4983-BE5A-9C818131A738}"
EndProject
Project("{FAE04EC0-301F-11D3-BF4B-00C04F79EFBC}") = "Users.Infrastructure", "Users.Infrastructure\Users.Infrastructure.csproj", "{620AE1C0-6F56-4C30-98DC-CCB5C9A3DB49}"
EndProject
Project("{FAE04EC0-301F-11D3-BF4B-00C04F79EFBC}") = "Users.Domain", "Users.Domain\Users.Domain.csproj", "{C8EFA6BA-9894-455F-8659-B818883FA68F}"
EndProject

# ChatGPT Service
Project("{2150E333-8FDC-42A3-9474-1A3956D46DE8}") = "ChatGPTService", "ChatGPTService", "{56BEA013-629D-4D33-8322-836AAE61FFAE}"
EndProject
Project("{FAE04EC0-301F-11D3-BF4B-00C04F79EFBC}") = "ChatGPT.API", "ChatGPT.API\ChatGPT.API.csproj", "{A1B2C3D4-E5F6-7890-ABCD-EF1234567890}"
EndProject
Project("{FAE04EC0-301F-11D3-BF4B-00C04F79EFBC}") = "ChatGPT.Application", "ChatGPT.Application\ChatGPT.Application.csproj", "{B2C3D4E5-F6G7-8901-BCDE-F23456789012}"
EndProject
Project("{FAE04EC0-301F-11D3-BF4B-00C04F79EFBC}") = "ChatGPT.Domain", "ChatGPT.Domain\ChatGPT.Domain.csproj", "{C3D4E5F6-G7H8-9012-CDEF-345678901234}"
EndProject
Project("{FAE04EC0-301F-11D3-BF4B-00C04F79EFBC}") = "ChatGPT.Infrastructure", "ChatGPT.Infrastructure\ChatGPT.Infrastructure.csproj", "{D4E5F6G7-H8I9-0123-DEF0-456789012345}"
EndProject

# UI Folder
Project("{2150E333-8FDC-42A3-9474-1A3956D46DE8}") = "UI", "UI", "{727DC789-F14B-45CF-85D3-C26B8FDDDC12}"
EndProject
Project("{FAE04EC0-301F-11D3-BF4B-00C04F79EFBC}") = "ChatGPTTool", "ChatGPTTool\ChatGPTTool.csproj", "{E1F915D1-A2E8-492F-9753-34C6DBD1E562}"
EndProject

# API.Gateways Folder
Project("{2150E333-8FDC-42A3-9474-1A3956D46DE8}") = "API.Gateways", "API.Gateways", "{D1708DAE-409D-4BED-B182-50712E2A6813}"
	ProjectSection(SolutionItems) = preProject
		API.Gateways\.gitkeep = API.Gateways\.gitkeep
		API.Gateways\Dockerfile = API.Gateways\Dockerfile
		API.Gateways\nginx.conf = API.Gateways\nginx.conf
	EndProjectSection
EndProject

# Docker Compose
Project("{E53339B2-1760-4266-BCC7-CA923CBCF16C}") = "docker-compose", "docker-compose.dcproj", "{93B232C8-AD57-470D-9D16-20CAB9CD6BAE}"
EndProject

Global
	GlobalSection(SolutionConfigurationPlatforms) = preSolution
		Debug|Any CPU = Debug|Any CPU
		Release|Any CPU = Release|Any CPU
	EndGlobalSection
	GlobalSection(ProjectConfigurationPlatforms) = postSolution
		# BuildingBlock
		{A3D86B35-D732-41C1-8219-4DE3A8D35696}.Debug|Any CPU.ActiveCfg = Debug|Any CPU
		{A3D86B35-D732-41C1-8219-4DE3A8D35696}.Debug|Any CPU.Build.0 = Debug|Any CPU
		{A3D86B35-D732-41C1-8219-4DE3A8D35696}.Release|Any CPU.ActiveCfg = Release|Any CPU
		{A3D86B35-D732-41C1-8219-4DE3A8D35696}.Release|Any CPU.Build.0 = Release|Any CPU
		
		# Users.API
		{1193DF68-0300-4675-9A72-FB9137CE047C}.Debug|Any CPU.ActiveCfg = Debug|Any CPU
		{1193DF68-0300-4675-9A72-FB9137CE047C}.Debug|Any CPU.Build.0 = Debug|Any CPU
		{1193DF68-0300-4675-9A72-FB9137CE047C}.Release|Any CPU.ActiveCfg = Release|Any CPU
		{1193DF68-0300-4675-9A72-FB9137CE047C}.Release|Any CPU.Build.0 = Release|Any CPU
		
		# Users.Application
		{16E73EA7-9B39-4983-BE5A-9C818131A738}.Debug|Any CPU.ActiveCfg = Debug|Any CPU
		{16E73EA7-9B39-4983-BE5A-9C818131A738}.Debug|Any CPU.Build.0 = Debug|Any CPU
		{16E73EA7-9B39-4983-BE5A-9C818131A738}.Release|Any CPU.ActiveCfg = Release|Any CPU
		{16E73EA7-9B39-4983-BE5A-9C818131A738}.Release|Any CPU.Build.0 = Release|Any CPU
		
		# Users.Infrastructure
		{620AE1C0-6F56-4C30-98DC-CCB5C9A3DB49}.Debug|Any CPU.ActiveCfg = Debug|Any CPU
		{620AE1C0-6F56-4C30-98DC-CCB5C9A3DB49}.Debug|Any CPU.Build.0 = Debug|Any CPU
		{620AE1C0-6F56-4C30-98DC-CCB5C9A3DB49}.Release|Any CPU.ActiveCfg = Release|Any CPU
		{620AE1C0-6F56-4C30-98DC-CCB5C9A3DB49}.Release|Any CPU.Build.0 = Release|Any CPU
		
		# Users.Domain
		{C8EFA6BA-9894-455F-8659-B818883FA68F}.Debug|Any CPU.ActiveCfg = Debug|Any CPU
		{C8EFA6BA-9894-455F-8659-B818883FA68F}.Debug|Any CPU.Build.0 = Debug|Any CPU
		{C8EFA6BA-9894-455F-8659-B818883FA68F}.Release|Any CPU.ActiveCfg = Release|Any CPU
		{C8EFA6BA-9894-455F-8659-B818883FA68F}.Release|Any CPU.Build.0 = Release|Any CPU
		
		# ChatGPT.API
		{A1B2C3D4-E5F6-7890-ABCD-EF1234567890}.Debug|Any CPU.ActiveCfg = Debug|Any CPU
		{A1B2C3D4-E5F6-7890-ABCD-EF1234567890}.Debug|Any CPU.Build.0 = Debug|Any CPU
		{A1B2C3D4-E5F6-7890-ABCD-EF1234567890}.Release|Any CPU.ActiveCfg = Release|Any CPU
		{A1B2C3D4-E5F6-7890-ABCD-EF1234567890}.Release|Any CPU.Build.0 = Release|Any CPU
		
		# ChatGPT.Application
		{B2C3D4E5-F6G7-8901-BCDE-F23456789012}.Debug|Any CPU.ActiveCfg = Debug|Any CPU
		{B2C3D4E5-F6G7-8901-BCDE-F23456789012}.Debug|Any CPU.Build.0 = Debug|Any CPU
		{B2C3D4E5-F6G7-8901-BCDE-F23456789012}.Release|Any CPU.ActiveCfg = Release|Any CPU
		{B2C3D4E5-F6G7-8901-BCDE-F23456789012}.Release|Any CPU.Build.0 = Release|Any CPU
		
		# ChatGPT.Domain
		{C3D4E5F6-G7H8-9012-CDEF-345678901234}.Debug|Any CPU.ActiveCfg = Debug|Any CPU
		{C3D4E5F6-G7H8-9012-CDEF-345678901234}.Debug|Any CPU.Build.0 = Debug|Any CPU
		{C3D4E5F6-G7H8-9012-CDEF-345678901234}.Release|Any CPU.ActiveCfg = Release|Any CPU
		{C3D4E5F6-G7H8-9012-CDEF-345678901234}.Release|Any CPU.Build.0 = Release|Any CPU
		
		# ChatGPT.Infrastructure
		{D4E5F6G7-H8I9-0123-DEF0-456789012345}.Debug|Any CPU.ActiveCfg = Debug|Any CPU
		{D4E5F6G7-H8I9-0123-DEF0-456789012345}.Debug|Any CPU.Build.0 = Debug|Any CPU
		{D4E5F6G7-H8I9-0123-DEF0-456789012345}.Release|Any CPU.ActiveCfg = Release|Any CPU
		{D4E5F6G7-H8I9-0123-DEF0-456789012345}.Release|Any CPU.Build.0 = Release|Any CPU
		
		# ChatGPTTool
		{E1F915D1-A2E8-492F-9753-34C6DBD1E562}.Debug|Any CPU.ActiveCfg = Debug|Any CPU
		{E1F915D1-A2E8-492F-9753-34C6DBD1E562}.Debug|Any CPU.Build.0 = Debug|Any CPU
		{E1F915D1-A2E8-492F-9753-34C6DBD1E562}.Release|Any CPU.ActiveCfg = Release|Any CPU
		{E1F915D1-A2E8-492F-9753-34C6DBD1E562}.Release|Any CPU.Build.0 = Release|Any CPU
		
		# docker-compose
		{93B232C8-AD57-470D-9D16-20CAB9CD6BAE}.Debug|Any CPU.ActiveCfg = Debug|Any CPU
		{93B232C8-AD57-470D-9D16-20CAB9CD6BAE}.Debug|Any CPU.Build.0 = Debug|Any CPU
		{93B232C8-AD57-470D-9D16-20CAB9CD6BAE}.Release|Any CPU.ActiveCfg = Release|Any CPU
		{93B232C8-AD57-470D-9D16-20CAB9CD6BAE}.Release|Any CPU.Build.0 = Release|Any CPU
	EndGlobalSection
	GlobalSection(SolutionProperties) = preSolution
		HideSolutionNode = FALSE
	EndGlobalSection
	GlobalSection(NestedProjects) = preSolution
		# BuildingBlocks
		{A3D86B35-D732-41C1-8219-4DE3A8D35696} = {EB9338EB-7589-467A-BEE7-771648EEE112}
		
		# Services
		{42B9EA7E-4EDA-4854-B16A-D9AF821FBCC9} = {9BF8FE4A-9430-4DF1-B6F6-1D70D4C34EB2}
		{56BEA013-629D-4D33-8322-836AAE61FFAE} = {9BF8FE4A-9430-4DF1-B6F6-1D70D4C34EB2}
		
		# Users Service
		{1193DF68-0300-4675-9A72-FB9137CE047C} = {42B9EA7E-4EDA-4854-B16A-D9AF821FBCC9}
		{16E73EA7-9B39-4983-BE5A-9C818131A738} = {42B9EA7E-4EDA-4854-B16A-D9AF821FBCC9}
		{620AE1C0-6F56-4C30-98DC-CCB5C9A3DB49} = {42B9EA7E-4EDA-4854-B16A-D9AF821FBCC9}
		{C8EFA6BA-9894-455F-8659-B818883FA68F} = {42B9EA7E-4EDA-4854-B16A-D9AF821FBCC9}
		
		# ChatGPT Service
		{A1B2C3D4-E5F6-7890-ABCD-EF1234567890} = {56BEA013-629D-4D33-8322-836AAE61FFAE}
		{B2C3D4E5-F6G7-8901-BCDE-F23456789012} = {56BEA013-629D-4D33-8322-836AAE61FFAE}
		{C3D4E5F6-G7H8-9012-CDEF-345678901234} = {56BEA013-629D-4D33-8322-836AAE61FFAE}
		{D4E5F6G7-H8I9-0123-DEF0-456789012345} = {56BEA013-629D-4D33-8322-836AAE61FFAE}
		
		# UI
		{E1F915D1-A2E8-492F-9753-34C6DBD1E562} = {727DC789-F14B-45CF-85D3-C26B8FDDDC12}
	EndGlobalSection
EndGlobal


